
Microsoft Visual Studio Solution File, Format Version 11.00
# Visual Studio 2010
Project("{FAE04EC0-301F-11D3-BF4B-00C04F79EFBC}") = "BlogTest", "BlogTest\BlogTest.csproj", "{48E364DB-ECEE-499B-8F9A-129B47EAF62A}"
EndProject
Global
	GlobalSection(SolutionConfigurationPlatforms) = preSolution
		Debug|Any CPU = Debug|Any CPU
		Release|Any CPU = Release|Any CPU
	EndGlobalSection
	GlobalSection(ProjectConfigurationPlatforms) = postSolution
		{48E364DB-ECEE-499B-8F9A-129B47EAF62A}.Debug|Any CPU.ActiveCfg = Debug|Any CPU
		{48E364DB-ECEE-499B-8F9A-129B47EAF62A}.Debug|Any CPU.Build.0 = Debug|Any CPU
		{48E364DB-ECEE-499B-8F9A-129B47EAF62A}.Release|Any CPU.ActiveCfg = Release|Any CPU
		{48E364DB-ECEE-499B-8F9A-129B47EAF62A}.Release|Any CPU.Build.0 = Release|Any CPU
	EndGlobalSection
	GlobalSection(SolutionProperties) = preSolution
		HideSolutionNode = FALSE
	EndGlobalSection
EndGlobal
